
Microsoft Visual Studio Solution File, Format Version 12.00
# Visual Studio Version 17
VisualStudioVersion = 17.3.32922.545
MinimumVisualStudioVersion = 10.0.40219.1
Project("{888888A0-9F3D-457C-B088-3A5042F75D52}") = "AHP", "AHP\AHP.pyproj", "{5B3DB85A-AF47-4AAD-85B7-77D61FA71415}"
EndProject
Global
	GlobalSection(SolutionConfigurationPlatforms) = preSolution
		Debug|Any CPU = Debug|Any CPU
		Release|Any CPU = Release|Any CPU
	EndGlobalSection
	GlobalSection(ProjectConfigurationPlatforms) = postSolution
		{5B3DB85A-AF47-4AAD-85B7-77D61FA71415}.Debug|Any CPU.ActiveCfg = Debug|Any CPU
		{5B3DB85A-AF47-4AAD-85B7-77D61FA71415}.Release|Any CPU.ActiveCfg = Release|Any CPU
	EndGlobalSection
	GlobalSection(SolutionProperties) = preSolution
		HideSolutionNode = FALSE
	EndGlobalSection
	GlobalSection(ExtensibilityGlobals) = postSolution
		SolutionGuid = {728D9904-2DD7-4206-B550-0501ECF88F50}
	EndGlobalSection
EndGlobal
